
Microsoft Visual Studio Solution File, Format Version 12.00
# Visual Studio Version 16
VisualStudioVersion = 16.0.30717.126
MinimumVisualStudioVersion = 10.0.40219.1
Project("{6EC3EE1D-3C4E-46DD-8F32-0CC8E7565705}") = "Jellyfish.Core", "Jellyfish.Core\Jellyfish.Core.fsproj", "{9C9F15DC-9ADA-4C76-9149-3777B8DD012B}"
EndProject
Project("{6EC3EE1D-3C4E-46DD-8F32-0CC8E7565705}") = "Jellyfish.Console", "Jellyfish.Console\Jellyfish.Console.fsproj", "{1D9E4EEE-F2DA-4B65-B5D7-17F043602BEA}"
EndProject
Project("{2150E333-8FDC-42A3-9474-1A3956D46DE8}") = "Solution Items", "Solution Items", "{A45A3425-872C-4AFD-8E62-260F3E8062CE}"
	ProjectSection(SolutionItems) = preProject
		..\.gitignore = ..\.gitignore
		..\build.fsx = ..\build.fsx
		..\JELLYFISH-README.md = ..\JELLYFISH-README.md
		..\paket.dependencies = ..\paket.dependencies
		..\paket.lock = ..\paket.lock
	EndProjectSection
EndProject
Project("{6EC3EE1D-3C4E-46DD-8F32-0CC8E7565705}") = "Jellyfish.Tests", "Jellyfish.Tests\Jellyfish.Tests.fsproj", "{6259A5AC-AD29-431D-8035-69D858C2F263}"
EndProject
Global
	GlobalSection(SolutionConfigurationPlatforms) = preSolution
		Debug|Any CPU = Debug|Any CPU
		Release|Any CPU = Release|Any CPU
	EndGlobalSection
	GlobalSection(ProjectConfigurationPlatforms) = postSolution
		{9C9F15DC-9ADA-4C76-9149-3777B8DD012B}.Debug|Any CPU.ActiveCfg = Debug|Any CPU
		{9C9F15DC-9ADA-4C76-9149-3777B8DD012B}.Debug|Any CPU.Build.0 = Debug|Any CPU
		{9C9F15DC-9ADA-4C76-9149-3777B8DD012B}.Release|Any CPU.ActiveCfg = Release|Any CPU
		{9C9F15DC-9ADA-4C76-9149-3777B8DD012B}.Release|Any CPU.Build.0 = Release|Any CPU
		{1D9E4EEE-F2DA-4B65-B5D7-17F043602BEA}.Debug|Any CPU.ActiveCfg = Debug|Any CPU
		{1D9E4EEE-F2DA-4B65-B5D7-17F043602BEA}.Debug|Any CPU.Build.0 = Debug|Any CPU
		{1D9E4EEE-F2DA-4B65-B5D7-17F043602BEA}.Release|Any CPU.ActiveCfg = Release|Any CPU
		{1D9E4EEE-F2DA-4B65-B5D7-17F043602BEA}.Release|Any CPU.Build.0 = Release|Any CPU
		{6259A5AC-AD29-431D-8035-69D858C2F263}.Debug|Any CPU.ActiveCfg = Debug|Any CPU
		{6259A5AC-AD29-431D-8035-69D858C2F263}.Debug|Any CPU.Build.0 = Debug|Any CPU
		{6259A5AC-AD29-431D-8035-69D858C2F263}.Release|Any CPU.ActiveCfg = Release|Any CPU
		{6259A5AC-AD29-431D-8035-69D858C2F263}.Release|Any CPU.Build.0 = Release|Any CPU
	EndGlobalSection
	GlobalSection(SolutionProperties) = preSolution
		HideSolutionNode = FALSE
	EndGlobalSection
	GlobalSection(ExtensibilityGlobals) = postSolution
		SolutionGuid = {E885B56E-4B17-48BA-B7F0-40D63560738A}
	EndGlobalSection
EndGlobal
